
Microsoft Visual Studio Solution File, Format Version 12.00
# Visual Studio Version 17
VisualStudioVersion = 17.2.32630.192
MinimumVisualStudioVersion = 10.0.40219.1
Project("{FAE04EC0-301F-11D3-BF4B-00C04F79EFBC}") = "Investimento", "Investimento\Investimento.csproj", "{091158C2-B8DE-4D78-A836-D215F64282F9}"
	ProjectSection(ProjectDependencies) = postProject
		{6EA13CF1-A679-4353-88E0-DC35614B3FA0} = {6EA13CF1-A679-4353-88E0-DC35614B3FA0}
	EndProjectSection
EndProject
Project("{FAE04EC0-301F-11D3-BF4B-00C04F79EFBC}") = "BLinvestimento", "BLinvestimento\BLinvestimento.csproj", "{6EA13CF1-A679-4353-88E0-DC35614B3FA0}"
EndProject
Project("{FAE04EC0-301F-11D3-BF4B-00C04F79EFBC}") = "TestInvestimento", "TestInvestimento\TestInvestimento.csproj", "{B5197D4F-7C08-4D8C-A309-897318863FE5}"
	ProjectSection(ProjectDependencies) = postProject
		{6EA13CF1-A679-4353-88E0-DC35614B3FA0} = {6EA13CF1-A679-4353-88E0-DC35614B3FA0}
	EndProjectSection
EndProject
Global
	GlobalSection(SolutionConfigurationPlatforms) = preSolution
		Debug|Any CPU = Debug|Any CPU
		Release|Any CPU = Release|Any CPU
	EndGlobalSection
	GlobalSection(ProjectConfigurationPlatforms) = postSolution
		{091158C2-B8DE-4D78-A836-D215F64282F9}.Debug|Any CPU.ActiveCfg = Debug|Any CPU
		{091158C2-B8DE-4D78-A836-D215F64282F9}.Debug|Any CPU.Build.0 = Debug|Any CPU
		{091158C2-B8DE-4D78-A836-D215F64282F9}.Release|Any CPU.ActiveCfg = Release|Any CPU
		{091158C2-B8DE-4D78-A836-D215F64282F9}.Release|Any CPU.Build.0 = Release|Any CPU
		{6EA13CF1-A679-4353-88E0-DC35614B3FA0}.Debug|Any CPU.ActiveCfg = Debug|Any CPU
		{6EA13CF1-A679-4353-88E0-DC35614B3FA0}.Debug|Any CPU.Build.0 = Debug|Any CPU
		{6EA13CF1-A679-4353-88E0-DC35614B3FA0}.Release|Any CPU.ActiveCfg = Release|Any CPU
		{6EA13CF1-A679-4353-88E0-DC35614B3FA0}.Release|Any CPU.Build.0 = Release|Any CPU
		{B5197D4F-7C08-4D8C-A309-897318863FE5}.Debug|Any CPU.ActiveCfg = Debug|Any CPU
		{B5197D4F-7C08-4D8C-A309-897318863FE5}.Debug|Any CPU.Build.0 = Debug|Any CPU
		{B5197D4F-7C08-4D8C-A309-897318863FE5}.Release|Any CPU.ActiveCfg = Release|Any CPU
		{B5197D4F-7C08-4D8C-A309-897318863FE5}.Release|Any CPU.Build.0 = Release|Any CPU
	EndGlobalSection
	GlobalSection(SolutionProperties) = preSolution
		HideSolutionNode = FALSE
	EndGlobalSection
	GlobalSection(ExtensibilityGlobals) = postSolution
		SolutionGuid = {5B5D269B-F06D-49BD-86A3-76ADCC770006}
	EndGlobalSection
EndGlobal
